Microsoft Visual Studio Solution File, Format Version 12.00
# Visual Studio Version 16
VisualStudioVersion = 16.0.30114.105
MinimumVisualStudioVersion = 10.0.40219.1
Project("{9A19103F-16F7-4668-BE54-9A1E7A4F7556}") = "Angular_ASPNETCore_CustomersService", "Angular_ASPNETCore_CustomersService.csproj", "{A7A1FC50-2672-4E63-8B0F-415996E6718A}"
EndProject
Global
	GlobalSection(SolutionConfigurationPlatforms) = preSolution
		Debug|Any CPU = Debug|Any CPU
		Release|Any CPU = Release|Any CPU
	EndGlobalSection
	GlobalSection(ProjectConfigurationPlatforms) = postSolution
		{A7A1FC50-2672-4E63-8B0F-415996E6718A}.Debug|Any CPU.ActiveCfg = Debug|Any CPU
		{A7A1FC50-2672-4E63-8B0F-415996E6718A}.Debug|Any CPU.Build.0 = Debug|Any CPU
		{A7A1FC50-2672-4E63-8B0F-415996E6718A}.Release|Any CPU.ActiveCfg = Release|Any CPU
		{A7A1FC50-2672-4E63-8B0F-415996E6718A}.Release|Any CPU.Build.0 = Release|Any CPU
	EndGlobalSection
	GlobalSection(SolutionProperties) = preSolution
		HideSolutionNode = FALSE
	EndGlobalSection
	GlobalSection(ExtensibilityGlobals) = postSolution
		SolutionGuid = {647397F9-A470-4C7C-AC8E-DA4F234EBE04}
	EndGlobalSection
EndGlobal